// !$*UTF8*$!
{
	archiveVersion = 1;
	classes = {
	};
	objectVersion = 56;
	objects = {

/* Begin PBXBuildFile section */
		463184E72A83E34C00C6ABF6 /* place.mp3 in Resources */ = {isa = PBXBuildFile; fileRef = 463184E52A83E34C00C6ABF6 /* place.mp3 */; };
		463184E82A83E34C00C6ABF6 /* drop.mp3 in Resources */ = {isa = PBXBuildFile; fileRef = 463184E62A83E34C00C6ABF6 /* drop.mp3 */; };
		4631E2EF2A84C323008A32C2 /* GoogleService-Info.plist in Resources */ = {isa = PBXBuildFile; fileRef = 4631E2EE2A84C323008A32C2 /* GoogleService-Info.plist */; };
		4631E2F22A84C422008A32C2 /* FirebaseAnalyticsSwift in Frameworks */ = {isa = PBXBuildFile; productRef = 4631E2F12A84C422008A32C2 /* FirebaseAnalyticsSwift */; };
		4631E2F42A84C422008A32C2 /* FirebaseAnalyticsWithoutAdIdSupport in Frameworks */ = {isa = PBXBuildFile; productRef = 4631E2F32A84C422008A32C2 /* FirebaseAnalyticsWithoutAdIdSupport */; };
		4631E2F62A84C422008A32C2 /* FirebaseAuth in Frameworks */ = {isa = PBXBuildFile; productRef = 4631E2F52A84C422008A32C2 /* FirebaseAuth */; };
		4631E2F82A84C422008A32C2 /* FirebaseCrashlytics in Frameworks */ = {isa = PBXBuildFile; productRef = 4631E2F72A84C422008A32C2 /* FirebaseCrashlytics */; };
		4631E2FA2A84C422008A32C2 /* FirebaseDatabase in Frameworks */ = {isa = PBXBuildFile; productRef = 4631E2F92A84C422008A32C2 /* FirebaseDatabase */; };
		4631E2FC2A84C422008A32C2 /* FirebaseDatabaseSwift in Frameworks */ = {isa = PBXBuildFile; productRef = 4631E2FB2A84C422008A32C2 /* FirebaseDatabaseSwift */; };
		4631E2FE2A84C422008A32C2 /* FirebaseMessaging in Frameworks */ = {isa = PBXBuildFile; productRef = 4631E2FD2A84C422008A32C2 /* FirebaseMessaging */; };
		4631E3002A84C422008A32C2 /* FirebaseRemoteConfig in Frameworks */ = {isa = PBXBuildFile; productRef = 4631E2FF2A84C422008A32C2 /* FirebaseRemoteConfig */; };
		4631E3022A84C422008A32C2 /* FirebaseRemoteConfigSwift in Frameworks */ = {isa = PBXBuildFile; productRef = 4631E3012A84C422008A32C2 /* FirebaseRemoteConfigSwift */; };
		4631E3042A84C606008A32C2 /* AppDelegate.swift in Sources */ = {isa = PBXBuildFile; fileRef = 4631E3032A84C606008A32C2 /* AppDelegate.swift */; };
		4631E3062A84C987008A32C2 /* CreateRoomView.swift in Sources */ = {isa = PBXBuildFile; fileRef = 4631E3052A84C987008A32C2 /* CreateRoomView.swift */; };
		4631E3082A84C9A8008A32C2 /* JoinRoomView.swift in Sources */ = {isa = PBXBuildFile; fileRef = 4631E3072A84C9A8008A32C2 /* JoinRoomView.swift */; };
		464A52FC2A8B1AAD003CAC89 /* TurnCoverView.swift in Sources */ = {isa = PBXBuildFile; fileRef = 464A52FB2A8B1AAD003CAC89 /* TurnCoverView.swift */; };
		464A52FE2A8B2EC3003CAC89 /* FenParser.swift in Sources */ = {isa = PBXBuildFile; fileRef = 464A52FD2A8B2EC3003CAC89 /* FenParser.swift */; };
		464A53002A8B2F2D003CAC89 /* BoardState.swift in Sources */ = {isa = PBXBuildFile; fileRef = 464A52FF2A8B2F2D003CAC89 /* BoardState.swift */; };
		464A53032A8B3C94003CAC89 /* BoardState+PawnMove.swift in Sources */ = {isa = PBXBuildFile; fileRef = 464A53022A8B3C94003CAC89 /* BoardState+PawnMove.swift */; };
		464A53052A8B4323003CAC89 /* BoardState+Move.swift in Sources */ = {isa = PBXBuildFile; fileRef = 464A53042A8B4323003CAC89 /* BoardState+Move.swift */; };
		464A53082A8B4600003CAC89 /* ChessServer.swift in Sources */ = {isa = PBXBuildFile; fileRef = 464A53072A8B4600003CAC89 /* ChessServer.swift */; };
		464A530A2A8B4734003CAC89 /* PassNPlayServer.swift in Sources */ = {isa = PBXBuildFile; fileRef = 464A53092A8B4734003CAC89 /* PassNPlayServer.swift */; };
		464A530C2A8B4E32003CAC89 /* ServerType.swift in Sources */ = {isa = PBXBuildFile; fileRef = 464A530B2A8B4E32003CAC89 /* ServerType.swift */; };
		464A530E2A8B4E60003CAC89 /* SinglePlayChessServer.swift in Sources */ = {isa = PBXBuildFile; fileRef = 464A530D2A8B4E60003CAC89 /* SinglePlayChessServer.swift */; };
		464A53102A8B5900003CAC89 /* RemoteChessServer.swift in Sources */ = {isa = PBXBuildFile; fileRef = 464A530F2A8B5900003CAC89 /* RemoteChessServer.swift */; };
		46C280502A82185000CE1DF5 /* fogofwarchessApp.swift in Sources */ = {isa = PBXBuildFile; fileRef = 46C2804F2A82185000CE1DF5 /* fogofwarchessApp.swift */; };
		46C280522A82185000CE1DF5 /* InGameView.swift in Sources */ = {isa = PBXBuildFile; fileRef = 46C280512A82185000CE1DF5 /* InGameView.swift */; };
		46C280542A82185100CE1DF5 /* Assets.xcassets in Resources */ = {isa = PBXBuildFile; fileRef = 46C280532A82185100CE1DF5 /* Assets.xcassets */; };
		46C280572A82185100CE1DF5 /* Preview Assets.xcassets in Resources */ = {isa = PBXBuildFile; fileRef = 46C280562A82185100CE1DF5 /* Preview Assets.xcassets */; };
		46C2805E2A821E1C00CE1DF5 /* AppView.swift in Sources */ = {isa = PBXBuildFile; fileRef = 46C2805D2A821E1C00CE1DF5 /* AppView.swift */; };
		46C280602A82267D00CE1DF5 /* Piece.swift in Sources */ = {isa = PBXBuildFile; fileRef = 46C2805F2A82267D00CE1DF5 /* Piece.swift */; };
		46C280642A82278900CE1DF5 /* Move.swift in Sources */ = {isa = PBXBuildFile; fileRef = 46C280632A82278900CE1DF5 /* Move.swift */; };
		46C280662A8227E400CE1DF5 /* InGameViewModel.swift in Sources */ = {isa = PBXBuildFile; fileRef = 46C280652A8227E400CE1DF5 /* InGameViewModel.swift */; };
		46C280682A8233CE00CE1DF5 /* Coord.swift in Sources */ = {isa = PBXBuildFile; fileRef = 46C280672A8233CE00CE1DF5 /* Coord.swift */; };
		46C2806C2A83264200CE1DF5 /* ChessColor.swift in Sources */ = {isa = PBXBuildFile; fileRef = 46C2806B2A83264200CE1DF5 /* ChessColor.swift */; };
		46C2806E2A83348A00CE1DF5 /* Move+Pgn.swift in Sources */ = {isa = PBXBuildFile; fileRef = 46C2806D2A83348A00CE1DF5 /* Move+Pgn.swift */; };
		46C2807B2A83403800CE1DF5 /* nlt.png in Resources */ = {isa = PBXBuildFile; fileRef = 46C2806F2A83403600CE1DF5 /* nlt.png */; };
		46C2807C2A83403800CE1DF5 /* bdt.png in Resources */ = {isa = PBXBuildFile; fileRef = 46C280702A83403600CE1DF5 /* bdt.png */; };
		46C2807D2A83403800CE1DF5 /* ndt.png in Resources */ = {isa = PBXBuildFile; fileRef = 46C280712A83403600CE1DF5 /* ndt.png */; };
		46C2807E2A83403800CE1DF5 /* blt.png in Resources */ = {isa = PBXBuildFile; fileRef = 46C280722A83403600CE1DF5 /* blt.png */; };
		46C2807F2A83403800CE1DF5 /* kdt.png in Resources */ = {isa = PBXBuildFile; fileRef = 46C280732A83403600CE1DF5 /* kdt.png */; };
		46C280802A83403800CE1DF5 /* plt.png in Resources */ = {isa = PBXBuildFile; fileRef = 46C280742A83403700CE1DF5 /* plt.png */; };
		46C280812A83403800CE1DF5 /* qdt.png in Resources */ = {isa = PBXBuildFile; fileRef = 46C280752A83403700CE1DF5 /* qdt.png */; };
		46C280822A83403800CE1DF5 /* klt.png in Resources */ = {isa = PBXBuildFile; fileRef = 46C280762A83403700CE1DF5 /* klt.png */; };
		46C280832A83403800CE1DF5 /* rdt.png in Resources */ = {isa = PBXBuildFile; fileRef = 46C280772A83403700CE1DF5 /* rdt.png */; };
		46C280842A83403800CE1DF5 /* rlt.png in Resources */ = {isa = PBXBuildFile; fileRef = 46C280782A83403700CE1DF5 /* rlt.png */; };
		46C280852A83403800CE1DF5 /* pdt.png in Resources */ = {isa = PBXBuildFile; fileRef = 46C280792A83403700CE1DF5 /* pdt.png */; };
		46C280862A83403800CE1DF5 /* qlt.png in Resources */ = {isa = PBXBuildFile; fileRef = 46C2807A2A83403800CE1DF5 /* qlt.png */; };
		46C280882A83406600CE1DF5 /* chess_pieces_images.xcassets in Resources */ = {isa = PBXBuildFile; fileRef = 46C280872A83406600CE1DF5 /* chess_pieces_images.xcassets */; };
		46C735162A8F0D1F00E366DD /* JoinRoomResultManager.swift in Sources */ = {isa = PBXBuildFile; fileRef = 46C735152A8F0D1F00E366DD /* JoinRoomResultManager.swift */; };
		46ECFEDA2A8DC13C00C0B262 /* NotificationManager.swift in Sources */ = {isa = PBXBuildFile; fileRef = 46ECFED92A8DC13C00C0B262 /* NotificationManager.swift */; };
		46ECFEDC2A8DC4E600C0B262 /* NavgiationStateManager.swift in Sources */ = {isa = PBXBuildFile; fileRef = 46ECFEDB2A8DC4E600C0B262 /* NavgiationStateManager.swift */; };
		46ECFEDF2A8E100D00C0B262 /* CustomError.swift in Sources */ = {isa = PBXBuildFile; fileRef = 46ECFEDE2A8E100D00C0B262 /* CustomError.swift */; };
		46F529602A8C54CA0035A2C8 /* CreateRoomViewModel.swift in Sources */ = {isa = PBXBuildFile; fileRef = 46F5295F2A8C54CA0035A2C8 /* CreateRoomViewModel.swift */; };
		46F529622A8C5B250035A2C8 /* AppDelegate+UNUserNotificationCenterDelegate.swift in Sources */ = {isa = PBXBuildFile; fileRef = 46F529612A8C5B250035A2C8 /* AppDelegate+UNUserNotificationCenterDelegate.swift */; };
		46F529652A8C5FDC0035A2C8 /* UserDefaults+Flow.swift in Sources */ = {isa = PBXBuildFile; fileRef = 46F529642A8C5FDC0035A2C8 /* UserDefaults+Flow.swift */; };
		46F529672A8C6CD60035A2C8 /* FetchFCMToken.swift in Sources */ = {isa = PBXBuildFile; fileRef = 46F529662A8C6CD60035A2C8 /* FetchFCMToken.swift */; };
		46F5296A2A8D12070035A2C8 /* ChessService.swift in Sources */ = {isa = PBXBuildFile; fileRef = 46F529692A8D12070035A2C8 /* ChessService.swift */; };
		46F5296C2A8D12220035A2C8 /* Models.swift in Sources */ = {isa = PBXBuildFile; fileRef = 46F5296B2A8D12220035A2C8 /* Models.swift */; };
		46F5296E2A8D12640035A2C8 /* ChessServiceImpl.swift in Sources */ = {isa = PBXBuildFile; fileRef = 46F5296D2A8D12640035A2C8 /* ChessServiceImpl.swift */; };
		46F529712A8D164E0035A2C8 /* Moya in Frameworks */ = {isa = PBXBuildFile; productRef = 46F529702A8D164E0035A2C8 /* Moya */; };
		46F529732A8D16620035A2C8 /* MoyaProvider+Async.swift in Sources */ = {isa = PBXBuildFile; fileRef = 46F529722A8D16620035A2C8 /* MoyaProvider+Async.swift */; };
		46F529752A8D16FC0035A2C8 /* ChessAPI.swift in Sources */ = {isa = PBXBuildFile; fileRef = 46F529742A8D16FC0035A2C8 /* ChessAPI.swift */; };
		46F529772A8D1C430035A2C8 /* ActivityViewController.swift in Sources */ = {isa = PBXBuildFile; fileRef = 46F529762A8D1C430035A2C8 /* ActivityViewController.swift */; };
		46F529792A8D1D1A0035A2C8 /* JoinRoomViewModel.swift in Sources */ = {isa = PBXBuildFile; fileRef = 46F529782A8D1D1A0035A2C8 /* JoinRoomViewModel.swift */; };
/* End PBXBuildFile section */

/* Begin PBXFileReference section */
		463184E52A83E34C00C6ABF6 /* place.mp3 */ = {isa = PBXFileReference; lastKnownFileType = audio.mp3; path = place.mp3; sourceTree = "<group>"; };
		463184E62A83E34C00C6ABF6 /* drop.mp3 */ = {isa = PBXFileReference; lastKnownFileType = audio.mp3; path = drop.mp3; sourceTree = "<group>"; };
		4631E2EE2A84C323008A32C2 /* GoogleService-Info.plist */ = {isa = PBXFileReference; fileEncoding = 4; lastKnownFileType = text.plist.xml; path = "GoogleService-Info.plist"; sourceTree = "<group>"; };
		4631E3032A84C606008A32C2 /* AppDelegate.swift */ = {isa = PBXFileReference; lastKnownFileType = sourcecode.swift; path = AppDelegate.swift; sourceTree = "<group>"; };
		4631E3052A84C987008A32C2 /* CreateRoomView.swift */ = {isa = PBXFileReference; lastKnownFileType = sourcecode.swift; path = CreateRoomView.swift; sourceTree = "<group>"; };
		4631E3072A84C9A8008A32C2 /* JoinRoomView.swift */ = {isa = PBXFileReference; lastKnownFileType = sourcecode.swift; path = JoinRoomView.swift; sourceTree = "<group>"; };
		464A52FB2A8B1AAD003CAC89 /* TurnCoverView.swift */ = {isa = PBXFileReference; lastKnownFileType = sourcecode.swift; path = TurnCoverView.swift; sourceTree = "<group>"; };
		464A52FD2A8B2EC3003CAC89 /* FenParser.swift */ = {isa = PBXFileReference; lastKnownFileType = sourcecode.swift; path = FenParser.swift; sourceTree = "<group>"; };
		464A52FF2A8B2F2D003CAC89 /* BoardState.swift */ = {isa = PBXFileReference; lastKnownFileType = sourcecode.swift; path = BoardState.swift; sourceTree = "<group>"; };
		464A53022A8B3C94003CAC89 /* BoardState+PawnMove.swift */ = {isa = PBXFileReference; lastKnownFileType = sourcecode.swift; path = "BoardState+PawnMove.swift"; sourceTree = "<group>"; };
		464A53042A8B4323003CAC89 /* BoardState+Move.swift */ = {isa = PBXFileReference; lastKnownFileType = sourcecode.swift; path = "BoardState+Move.swift"; sourceTree = "<group>"; };
		464A53072A8B4600003CAC89 /* ChessServer.swift */ = {isa = PBXFileReference; lastKnownFileType = sourcecode.swift; path = ChessServer.swift; sourceTree = "<group>"; };
		464A53092A8B4734003CAC89 /* PassNPlayServer.swift */ = {isa = PBXFileReference; lastKnownFileType = sourcecode.swift; path = PassNPlayServer.swift; sourceTree = "<group>"; };
		464A530B2A8B4E32003CAC89 /* ServerType.swift */ = {isa = PBXFileReference; lastKnownFileType = sourcecode.swift; path = ServerType.swift; sourceTree = "<group>"; };
		464A530D2A8B4E60003CAC89 /* SinglePlayChessServer.swift */ = {isa = PBXFileReference; lastKnownFileType = sourcecode.swift; path = SinglePlayChessServer.swift; sourceTree = "<group>"; };
		464A530F2A8B5900003CAC89 /* RemoteChessServer.swift */ = {isa = PBXFileReference; lastKnownFileType = sourcecode.swift; path = RemoteChessServer.swift; sourceTree = "<group>"; };
		46C2804C2A82185000CE1DF5 /* fogofwarchess.app */ = {isa = PBXFileReference; explicitFileType = wrapper.application; includeInIndex = 0; path = fogofwarchess.app; sourceTree = BUILT_PRODUCTS_DIR; };
		46C2804F2A82185000CE1DF5 /* fogofwarchessApp.swift */ = {isa = PBXFileReference; lastKnownFileType = sourcecode.swift; path = fogofwarchessApp.swift; sourceTree = "<group>"; };
		46C280512A82185000CE1DF5 /* InGameView.swift */ = {isa = PBXFileReference; lastKnownFileType = sourcecode.swift; path = InGameView.swift; sourceTree = "<group>"; };
		46C280532A82185100CE1DF5 /* Assets.xcassets */ = {isa = PBXFileReference; lastKnownFileType = folder.assetcatalog; path = Assets.xcassets; sourceTree = "<group>"; };
		46C280562A82185100CE1DF5 /* Preview Assets.xcassets */ = {isa = PBXFileReference; lastKnownFileType = folder.assetcatalog; path = "Preview Assets.xcassets"; sourceTree = "<group>"; };
		46C2805D2A821E1C00CE1DF5 /* AppView.swift */ = {isa = PBXFileReference; lastKnownFileType = sourcecode.swift; path = AppView.swift; sourceTree = "<group>"; };
		46C2805F2A82267D00CE1DF5 /* Piece.swift */ = {isa = PBXFileReference; lastKnownFileType = sourcecode.swift; path = Piece.swift; sourceTree = "<group>"; };
		46C280632A82278900CE1DF5 /* Move.swift */ = {isa = PBXFileReference; lastKnownFileType = sourcecode.swift; path = Move.swift; sourceTree = "<group>"; };
		46C280652A8227E400CE1DF5 /* InGameViewModel.swift */ = {isa = PBXFileReference; lastKnownFileType = sourcecode.swift; path = InGameViewModel.swift; sourceTree = "<group>"; };
		46C280672A8233CE00CE1DF5 /* Coord.swift */ = {isa = PBXFileReference; lastKnownFileType = sourcecode.swift; path = Coord.swift; sourceTree = "<group>"; };
		46C2806B2A83264200CE1DF5 /* ChessColor.swift */ = {isa = PBXFileReference; lastKnownFileType = sourcecode.swift; path = ChessColor.swift; sourceTree = "<group>"; };
		46C2806D2A83348A00CE1DF5 /* Move+Pgn.swift */ = {isa = PBXFileReference; lastKnownFileType = sourcecode.swift; path = "Move+Pgn.swift"; sourceTree = "<group>"; };
		46C2806F2A83403600CE1DF5 /* nlt.png */ = {isa = PBXFileReference; lastKnownFileType = image.png; path = nlt.png; sourceTree = "<group>"; };
		46C280702A83403600CE1DF5 /* bdt.png */ = {isa = PBXFileReference; lastKnownFileType = image.png; path = bdt.png; sourceTree = "<group>"; };
		46C280712A83403600CE1DF5 /* ndt.png */ = {isa = PBXFileReference; lastKnownFileType = image.png; path = ndt.png; sourceTree = "<group>"; };
		46C280722A83403600CE1DF5 /* blt.png */ = {isa = PBXFileReference; lastKnownFileType = image.png; path = blt.png; sourceTree = "<group>"; };
		46C280732A83403600CE1DF5 /* kdt.png */ = {isa = PBXFileReference; lastKnownFileType = image.png; path = kdt.png; sourceTree = "<group>"; };
		46C280742A83403700CE1DF5 /* plt.png */ = {isa = PBXFileReference; lastKnownFileType = image.png; path = plt.png; sourceTree = "<group>"; };
		46C280752A83403700CE1DF5 /* qdt.png */ = {isa = PBXFileReference; lastKnownFileType = image.png; path = qdt.png; sourceTree = "<group>"; };
		46C280762A83403700CE1DF5 /* klt.png */ = {isa = PBXFileReference; lastKnownFileType = image.png; path = klt.png; sourceTree = "<group>"; };
		46C280772A83403700CE1DF5 /* rdt.png */ = {isa = PBXFileReference; lastKnownFileType = image.png; path = rdt.png; sourceTree = "<group>"; };
		46C280782A83403700CE1DF5 /* rlt.png */ = {isa = PBXFileReference; lastKnownFileType = image.png; path = rlt.png; sourceTree = "<group>"; };
		46C280792A83403700CE1DF5 /* pdt.png */ = {isa = PBXFileReference; lastKnownFileType = image.png; path = pdt.png; sourceTree = "<group>"; };
		46C2807A2A83403800CE1DF5 /* qlt.png */ = {isa = PBXFileReference; lastKnownFileType = image.png; path = qlt.png; sourceTree = "<group>"; };
		46C280872A83406600CE1DF5 /* chess_pieces_images.xcassets */ = {isa = PBXFileReference; lastKnownFileType = folder.assetcatalog; path = chess_pieces_images.xcassets; sourceTree = "<group>"; };
		46C735152A8F0D1F00E366DD /* JoinRoomResultManager.swift */ = {isa = PBXFileReference; lastKnownFileType = sourcecode.swift; path = JoinRoomResultManager.swift; sourceTree = "<group>"; };
		46ECFED92A8DC13C00C0B262 /* NotificationManager.swift */ = {isa = PBXFileReference; lastKnownFileType = sourcecode.swift; path = NotificationManager.swift; sourceTree = "<group>"; };
		46ECFEDB2A8DC4E600C0B262 /* NavgiationStateManager.swift */ = {isa = PBXFileReference; lastKnownFileType = sourcecode.swift; path = NavgiationStateManager.swift; sourceTree = "<group>"; };
		46ECFEDE2A8E100D00C0B262 /* CustomError.swift */ = {isa = PBXFileReference; lastKnownFileType = sourcecode.swift; path = CustomError.swift; sourceTree = "<group>"; };
		46F5295F2A8C54CA0035A2C8 /* CreateRoomViewModel.swift */ = {isa = PBXFileReference; lastKnownFileType = sourcecode.swift; path = CreateRoomViewModel.swift; sourceTree = "<group>"; };
		46F529612A8C5B250035A2C8 /* AppDelegate+UNUserNotificationCenterDelegate.swift */ = {isa = PBXFileReference; lastKnownFileType = sourcecode.swift; path = "AppDelegate+UNUserNotificationCenterDelegate.swift"; sourceTree = "<group>"; };
		46F529632A8C5CA00035A2C8 /* fogofwarchess.entitlements */ = {isa = PBXFileReference; lastKnownFileType = text.plist.entitlements; path = fogofwarchess.entitlements; sourceTree = "<group>"; };
		46F529642A8C5FDC0035A2C8 /* UserDefaults+Flow.swift */ = {isa = PBXFileReference; lastKnownFileType = sourcecode.swift; path = "UserDefaults+Flow.swift"; sourceTree = "<group>"; };
		46F529662A8C6CD60035A2C8 /* FetchFCMToken.swift */ = {isa = PBXFileReference; lastKnownFileType = sourcecode.swift; path = FetchFCMToken.swift; sourceTree = "<group>"; };
		46F529692A8D12070035A2C8 /* ChessService.swift */ = {isa = PBXFileReference; lastKnownFileType = sourcecode.swift; path = ChessService.swift; sourceTree = "<group>"; };
		46F5296B2A8D12220035A2C8 /* Models.swift */ = {isa = PBXFileReference; lastKnownFileType = sourcecode.swift; path = Models.swift; sourceTree = "<group>"; };
		46F5296D2A8D12640035A2C8 /* ChessServiceImpl.swift */ = {isa = PBXFileReference; lastKnownFileType = sourcecode.swift; path = ChessServiceImpl.swift; sourceTree = "<group>"; };
		46F529722A8D16620035A2C8 /* MoyaProvider+Async.swift */ = {isa = PBXFileReference; lastKnownFileType = sourcecode.swift; path = "MoyaProvider+Async.swift"; sourceTree = "<group>"; };
		46F529742A8D16FC0035A2C8 /* ChessAPI.swift */ = {isa = PBXFileReference; lastKnownFileType = sourcecode.swift; path = ChessAPI.swift; sourceTree = "<group>"; };
		46F529762A8D1C430035A2C8 /* ActivityViewController.swift */ = {isa = PBXFileReference; lastKnownFileType = sourcecode.swift; path = ActivityViewController.swift; sourceTree = "<group>"; };
		46F529782A8D1D1A0035A2C8 /* JoinRoomViewModel.swift */ = {isa = PBXFileReference; lastKnownFileType = sourcecode.swift; path = JoinRoomViewModel.swift; sourceTree = "<group>"; };
/* End PBXFileReference section */

/* Begin PBXFrameworksBuildPhase section */
		46C280492A82185000CE1DF5 /* Frameworks */ = {
			isa = PBXFrameworksBuildPhase;
			buildActionMask = 2147483647;
			files = (
				4631E2FC2A84C422008A32C2 /* FirebaseDatabaseSwift in Frameworks */,
				4631E2FA2A84C422008A32C2 /* FirebaseDatabase in Frameworks */,
				4631E2FE2A84C422008A32C2 /* FirebaseMessaging in Frameworks */,
				4631E3022A84C422008A32C2 /* FirebaseRemoteConfigSwift in Frameworks */,
				4631E2F22A84C422008A32C2 /* FirebaseAnalyticsSwift in Frameworks */,
				4631E2F82A84C422008A32C2 /* FirebaseCrashlytics in Frameworks */,
				4631E2F62A84C422008A32C2 /* FirebaseAuth in Frameworks */,
				4631E2F42A84C422008A32C2 /* FirebaseAnalyticsWithoutAdIdSupport in Frameworks */,
				46F529712A8D164E0035A2C8 /* Moya in Frameworks */,
				4631E3002A84C422008A32C2 /* FirebaseRemoteConfig in Frameworks */,
			);
			runOnlyForDeploymentPostprocessing = 0;
		};
/* End PBXFrameworksBuildPhase section */

/* Begin PBXGroup section */
		464A53012A8B3404003CAC89 /* fowchess */ = {
			isa = PBXGroup;
			children = (
				46C2806D2A83348A00CE1DF5 /* Move+Pgn.swift */,
				46C2806B2A83264200CE1DF5 /* ChessColor.swift */,
				46C280672A8233CE00CE1DF5 /* Coord.swift */,
				46C280632A82278900CE1DF5 /* Move.swift */,
				464A52FD2A8B2EC3003CAC89 /* FenParser.swift */,
				464A52FF2A8B2F2D003CAC89 /* BoardState.swift */,
				46C2805F2A82267D00CE1DF5 /* Piece.swift */,
				464A53022A8B3C94003CAC89 /* BoardState+PawnMove.swift */,
				464A53042A8B4323003CAC89 /* BoardState+Move.swift */,
			);
			path = fowchess;
			sourceTree = "<group>";
		};
		464A53062A8B45F5003CAC89 /* server */ = {
			isa = PBXGroup;
			children = (
				464A53072A8B4600003CAC89 /* ChessServer.swift */,
				464A53092A8B4734003CAC89 /* PassNPlayServer.swift */,
				464A530B2A8B4E32003CAC89 /* ServerType.swift */,
				464A530D2A8B4E60003CAC89 /* SinglePlayChessServer.swift */,
				464A530F2A8B5900003CAC89 /* RemoteChessServer.swift */,
			);
			path = server;
			sourceTree = "<group>";
		};
		46C280432A82185000CE1DF5 = {
			isa = PBXGroup;
			children = (
				46C280872A83406600CE1DF5 /* chess_pieces_images.xcassets */,
				46C280702A83403600CE1DF5 /* bdt.png */,
				46C280722A83403600CE1DF5 /* blt.png */,
				46C280732A83403600CE1DF5 /* kdt.png */,
				46C280762A83403700CE1DF5 /* klt.png */,
				46C280712A83403600CE1DF5 /* ndt.png */,
				46C2806F2A83403600CE1DF5 /* nlt.png */,
				46C280792A83403700CE1DF5 /* pdt.png */,
				46C280742A83403700CE1DF5 /* plt.png */,
				46C280752A83403700CE1DF5 /* qdt.png */,
				46C2807A2A83403800CE1DF5 /* qlt.png */,
				46C280772A83403700CE1DF5 /* rdt.png */,
				46C280782A83403700CE1DF5 /* rlt.png */,
				46C2804E2A82185000CE1DF5 /* fogofwarchess */,
				46C2804D2A82185000CE1DF5 /* Products */,
			);
			sourceTree = "<group>";
		};
		46C2804D2A82185000CE1DF5 /* Products */ = {
			isa = PBXGroup;
			children = (
				46C2804C2A82185000CE1DF5 /* fogofwarchess.app */,
			);
			name = Products;
			sourceTree = "<group>";
		};
		46C2804E2A82185000CE1DF5 /* fogofwarchess */ = {
			isa = PBXGroup;
			children = (
				46C280532A82185100CE1DF5 /* Assets.xcassets */,
				463184E62A83E34C00C6ABF6 /* drop.mp3 */,
				463184E52A83E34C00C6ABF6 /* place.mp3 */,
				46F529632A8C5CA00035A2C8 /* fogofwarchess.entitlements */,
				46C280552A82185100CE1DF5 /* Preview Content */,
				46F529682A8D11FC0035A2C8 /* network */,
				464A53062A8B45F5003CAC89 /* server */,
				464A53012A8B3404003CAC89 /* fowchess */,
				46ECFEDD2A8E0FEA00C0B262 /* error */,
				4631E3032A84C606008A32C2 /* AppDelegate.swift */,
				4631E2EE2A84C323008A32C2 /* GoogleService-Info.plist */,
				46C2805D2A821E1C00CE1DF5 /* AppView.swift */,
				46C2804F2A82185000CE1DF5 /* fogofwarchessApp.swift */,
				46C280512A82185000CE1DF5 /* InGameView.swift */,
				46C280652A8227E400CE1DF5 /* InGameViewModel.swift */,
				4631E3072A84C9A8008A32C2 /* JoinRoomView.swift */,
				46F529782A8D1D1A0035A2C8 /* JoinRoomViewModel.swift */,
				4631E3052A84C987008A32C2 /* CreateRoomView.swift */,
				46F5295F2A8C54CA0035A2C8 /* CreateRoomViewModel.swift */,
				464A52FB2A8B1AAD003CAC89 /* TurnCoverView.swift */,
				46F529612A8C5B250035A2C8 /* AppDelegate+UNUserNotificationCenterDelegate.swift */,
				46F529642A8C5FDC0035A2C8 /* UserDefaults+Flow.swift */,
				46F529662A8C6CD60035A2C8 /* FetchFCMToken.swift */,
				46F529762A8D1C430035A2C8 /* ActivityViewController.swift */,
				46ECFED92A8DC13C00C0B262 /* NotificationManager.swift */,
				46ECFEDB2A8DC4E600C0B262 /* NavgiationStateManager.swift */,
				46C735152A8F0D1F00E366DD /* JoinRoomResultManager.swift */,
			);
			path = fogofwarchess;
			sourceTree = "<group>";
		};
		46C280552A82185100CE1DF5 /* Preview Content */ = {
			isa = PBXGroup;
			children = (
				46C280562A82185100CE1DF5 /* Preview Assets.xcassets */,
			);
			path = "Preview Content";
			sourceTree = "<group>";
		};
		46ECFEDD2A8E0FEA00C0B262 /* error */ = {
			isa = PBXGroup;
			children = (
				46ECFEDE2A8E100D00C0B262 /* CustomError.swift */,
			);
			path = error;
			sourceTree = "<group>";
		};
		46F529682A8D11FC0035A2C8 /* network */ = {
			isa = PBXGroup;
			children = (
				46F529692A8D12070035A2C8 /* ChessService.swift */,
				46F5296B2A8D12220035A2C8 /* Models.swift */,
				46F5296D2A8D12640035A2C8 /* ChessServiceImpl.swift */,
				46F529722A8D16620035A2C8 /* MoyaProvider+Async.swift */,
				46F529742A8D16FC0035A2C8 /* ChessAPI.swift */,
			);
			path = network;
			sourceTree = "<group>";
		};
/* End PBXGroup section */

/* Begin PBXNativeTarget section */
		46C2804B2A82185000CE1DF5 /* fogofwarchess */ = {
			isa = PBXNativeTarget;
			buildConfigurationList = 46C2805A2A82185100CE1DF5 /* Build configuration list for PBXNativeTarget "fogofwarchess" */;
			buildPhases = (
				46C280482A82185000CE1DF5 /* Sources */,
				46C280492A82185000CE1DF5 /* Frameworks */,
				46C2804A2A82185000CE1DF5 /* Resources */,
			);
			buildRules = (
			);
			dependencies = (
			);
			name = fogofwarchess;
			packageProductDependencies = (
				4631E2F12A84C422008A32C2 /* FirebaseAnalyticsSwift */,
				4631E2F32A84C422008A32C2 /* FirebaseAnalyticsWithoutAdIdSupport */,
				4631E2F52A84C422008A32C2 /* FirebaseAuth */,
				4631E2F72A84C422008A32C2 /* FirebaseCrashlytics */,
				4631E2F92A84C422008A32C2 /* FirebaseDatabase */,
				4631E2FB2A84C422008A32C2 /* FirebaseDatabaseSwift */,
				4631E2FD2A84C422008A32C2 /* FirebaseMessaging */,
				4631E2FF2A84C422008A32C2 /* FirebaseRemoteConfig */,
				4631E3012A84C422008A32C2 /* FirebaseRemoteConfigSwift */,
				46F529702A8D164E0035A2C8 /* Moya */,
			);
			productName = fogofwarchess;
			productReference = 46C2804C2A82185000CE1DF5 /* fogofwarchess.app */;
			productType = "com.apple.product-type.application";
		};
/* End PBXNativeTarget section */

/* Begin PBXProject section */
		46C280442A82185000CE1DF5 /* Project object */ = {
			isa = PBXProject;
			attributes = {
				BuildIndependentTargetsInParallel = 1;
				LastSwiftUpdateCheck = 1430;
				LastUpgradeCheck = 1430;
				TargetAttributes = {
					46C2804B2A82185000CE1DF5 = {
						CreatedOnToolsVersion = 14.3.1;
					};
				};
			};
			buildConfigurationList = 46C280472A82185000CE1DF5 /* Build configuration list for PBXProject "fogofwarchess" */;
			compatibilityVersion = "Xcode 14.0";
			developmentRegion = en;
			hasScannedForEncodings = 0;
			knownRegions = (
				en,
				Base,
			);
			mainGroup = 46C280432A82185000CE1DF5;
			packageReferences = (
				4631E2F02A84C421008A32C2 /* XCRemoteSwiftPackageReference "firebase-ios-sdk" */,
				46F5296F2A8D164E0035A2C8 /* XCRemoteSwiftPackageReference "Moya" */,
			);
			productRefGroup = 46C2804D2A82185000CE1DF5 /* Products */;
			projectDirPath = "";
			projectRoot = "";
			targets = (
				46C2804B2A82185000CE1DF5 /* fogofwarchess */,
			);
		};
/* End PBXProject section */

/* Begin PBXResourcesBuildPhase section */
		46C2804A2A82185000CE1DF5 /* Resources */ = {
			isa = PBXResourcesBuildPhase;
			buildActionMask = 2147483647;
			files = (
				46C280842A83403800CE1DF5 /* rlt.png in Resources */,
				46C280852A83403800CE1DF5 /* pdt.png in Resources */,
				46C2807F2A83403800CE1DF5 /* kdt.png in Resources */,
				46C280822A83403800CE1DF5 /* klt.png in Resources */,
				46C2807E2A83403800CE1DF5 /* blt.png in Resources */,
				46C280882A83406600CE1DF5 /* chess_pieces_images.xcassets in Resources */,
				46C280802A83403800CE1DF5 /* plt.png in Resources */,
				46C2807D2A83403800CE1DF5 /* ndt.png in Resources */,
				463184E82A83E34C00C6ABF6 /* drop.mp3 in Resources */,
				46C2807C2A83403800CE1DF5 /* bdt.png in Resources */,
				46C2807B2A83403800CE1DF5 /* nlt.png in Resources */,
				4631E2EF2A84C323008A32C2 /* GoogleService-Info.plist in Resources */,
				46C280812A83403800CE1DF5 /* qdt.png in Resources */,
				46C280572A82185100CE1DF5 /* Preview Assets.xcassets in Resources */,
				463184E72A83E34C00C6ABF6 /* place.mp3 in Resources */,
				46C280542A82185100CE1DF5 /* Assets.xcassets in Resources */,
				46C280832A83403800CE1DF5 /* rdt.png in Resources */,
				46C280862A83403800CE1DF5 /* qlt.png in Resources */,
			);
			runOnlyForDeploymentPostprocessing = 0;
		};
/* End PBXResourcesBuildPhase section */

/* Begin PBXSourcesBuildPhase section */
		46C280482A82185000CE1DF5 /* Sources */ = {
			isa = PBXSourcesBuildPhase;
			buildActionMask = 2147483647;
			files = (
				464A530C2A8B4E32003CAC89 /* ServerType.swift in Sources */,
				46ECFEDF2A8E100D00C0B262 /* CustomError.swift in Sources */,
				4631E3042A84C606008A32C2 /* AppDelegate.swift in Sources */,
				46C2806C2A83264200CE1DF5 /* ChessColor.swift in Sources */,
				46C280602A82267D00CE1DF5 /* Piece.swift in Sources */,
				46ECFEDC2A8DC4E600C0B262 /* NavgiationStateManager.swift in Sources */,
				46C280522A82185000CE1DF5 /* InGameView.swift in Sources */,
				46F529652A8C5FDC0035A2C8 /* UserDefaults+Flow.swift in Sources */,
				46C735162A8F0D1F00E366DD /* JoinRoomResultManager.swift in Sources */,
				464A52FC2A8B1AAD003CAC89 /* TurnCoverView.swift in Sources */,
				4631E3062A84C987008A32C2 /* CreateRoomView.swift in Sources */,
				464A53002A8B2F2D003CAC89 /* BoardState.swift in Sources */,
				46F5296C2A8D12220035A2C8 /* Models.swift in Sources */,
				4631E3082A84C9A8008A32C2 /* JoinRoomView.swift in Sources */,
				46F5296A2A8D12070035A2C8 /* ChessService.swift in Sources */,
				46C280662A8227E400CE1DF5 /* InGameViewModel.swift in Sources */,
				46C2806E2A83348A00CE1DF5 /* Move+Pgn.swift in Sources */,
				464A53102A8B5900003CAC89 /* RemoteChessServer.swift in Sources */,
				464A53032A8B3C94003CAC89 /* BoardState+PawnMove.swift in Sources */,
				46C280502A82185000CE1DF5 /* fogofwarchessApp.swift in Sources */,
				46F529672A8C6CD60035A2C8 /* FetchFCMToken.swift in Sources */,
				46ECFEDA2A8DC13C00C0B262 /* NotificationManager.swift in Sources */,
				46F529602A8C54CA0035A2C8 /* CreateRoomViewModel.swift in Sources */,
				46F529622A8C5B250035A2C8 /* AppDelegate+UNUserNotificationCenterDelegate.swift in Sources */,
				46C280682A8233CE00CE1DF5 /* Coord.swift in Sources */,
				46F529772A8D1C430035A2C8 /* ActivityViewController.swift in Sources */,
				464A53082A8B4600003CAC89 /* ChessServer.swift in Sources */,
				46F529792A8D1D1A0035A2C8 /* JoinRoomViewModel.swift in Sources */,
				46F5296E2A8D12640035A2C8 /* ChessServiceImpl.swift in Sources */,
				464A53052A8B4323003CAC89 /* BoardState+Move.swift in Sources */,
				464A52FE2A8B2EC3003CAC89 /* FenParser.swift in Sources */,
				46C280642A82278900CE1DF5 /* Move.swift in Sources */,
				464A530E2A8B4E60003CAC89 /* SinglePlayChessServer.swift in Sources */,
				46F529732A8D16620035A2C8 /* MoyaProvider+Async.swift in Sources */,
				46C2805E2A821E1C00CE1DF5 /* AppView.swift in Sources */,
				464A530A2A8B4734003CAC89 /* PassNPlayServer.swift in Sources */,
				46F529752A8D16FC0035A2C8 /* ChessAPI.swift in Sources */,
			);
			runOnlyForDeploymentPostprocessing = 0;
		};
/* End PBXSourcesBuildPhase section */

/* Begin XCBuildConfiguration section */
		46C280582A82185100CE1DF5 /* Debug */ = {
			isa = XCBuildConfiguration;
			buildSettings = {
				ALWAYS_SEARCH_USER_PATHS = NO;
				CLANG_ANALYZER_NONNULL = YES;
				CLANG_ANALYZER_NUMBER_OBJECT_CONVERSION = YES_AGGRESSIVE;
				CLANG_CXX_LANGUAGE_STANDARD = "gnu++20";
				CLANG_ENABLE_MODULES = YES;
				CLANG_ENABLE_OBJC_ARC = YES;
				CLANG_ENABLE_OBJC_WEAK = YES;
				CLANG_WARN_BLOCK_CAPTURE_AUTORELEASING = YES;
				CLANG_WARN_BOOL_CONVERSION = YES;
				CLANG_WARN_COMMA = YES;
				CLANG_WARN_CONSTANT_CONVERSION = YES;
				CLANG_WARN_DEPRECATED_OBJC_IMPLEMENTATIONS = YES;
				CLANG_WARN_DIRECT_OBJC_ISA_USAGE = YES_ERROR;
				CLANG_WARN_DOCUMENTATION_COMMENTS = YES;
				CLANG_WARN_EMPTY_BODY = YES;
				CLANG_WARN_ENUM_CONVERSION = YES;
				CLANG_WARN_INFINITE_RECURSION = YES;
				CLANG_WARN_INT_CONVERSION = YES;
				CLANG_WARN_NON_LITERAL_NULL_CONVERSION = YES;
				CLANG_WARN_OBJC_IMPLICIT_RETAIN_SELF = YES;
				CLANG_WARN_OBJC_LITERAL_CONVERSION = YES;
				CLANG_WARN_OBJC_ROOT_CLASS = YES_ERROR;
				CLANG_WARN_QUOTED_INCLUDE_IN_FRAMEWORK_HEADER = YES;
				CLANG_WARN_RANGE_LOOP_ANALYSIS = YES;
				CLANG_WARN_STRICT_PROTOTYPES = YES;
				CLANG_WARN_SUSPICIOUS_MOVE = YES;
				CLANG_WARN_UNGUARDED_AVAILABILITY = YES_AGGRESSIVE;
				CLANG_WARN_UNREACHABLE_CODE = YES;
				CLANG_WARN__DUPLICATE_METHOD_MATCH = YES;
				COPY_PHASE_STRIP = NO;
				DEBUG_INFORMATION_FORMAT = dwarf;
				ENABLE_STRICT_OBJC_MSGSEND = YES;
				ENABLE_TESTABILITY = YES;
				GCC_C_LANGUAGE_STANDARD = gnu11;
				GCC_DYNAMIC_NO_PIC = NO;
				GCC_NO_COMMON_BLOCKS = YES;
				GCC_OPTIMIZATION_LEVEL = 0;
				GCC_PREPROCESSOR_DEFINITIONS = (
					"DEBUG=1",
					"$(inherited)",
				);
				GCC_WARN_64_TO_32_BIT_CONVERSION = YES;
				GCC_WARN_ABOUT_RETURN_TYPE = YES_ERROR;
				GCC_WARN_UNDECLARED_SELECTOR = YES;
				GCC_WARN_UNINITIALIZED_AUTOS = YES_AGGRESSIVE;
				GCC_WARN_UNUSED_FUNCTION = YES;
				GCC_WARN_UNUSED_VARIABLE = YES;
				IPHONEOS_DEPLOYMENT_TARGET = 16.4;
				MTL_ENABLE_DEBUG_INFO = INCLUDE_SOURCE;
				MTL_FAST_MATH = YES;
				ONLY_ACTIVE_ARCH = YES;
				SDKROOT = iphoneos;
				SWIFT_ACTIVE_COMPILATION_CONDITIONS = DEBUG;
				SWIFT_OPTIMIZATION_LEVEL = "-Onone";
			};
			name = Debug;
		};
		46C280592A82185100CE1DF5 /* Release */ = {
			isa = XCBuildConfiguration;
			buildSettings = {
				ALWAYS_SEARCH_USER_PATHS = NO;
				CLANG_ANALYZER_NONNULL = YES;
				CLANG_ANALYZER_NUMBER_OBJECT_CONVERSION = YES_AGGRESSIVE;
				CLANG_CXX_LANGUAGE_STANDARD = "gnu++20";
				CLANG_ENABLE_MODULES = YES;
				CLANG_ENABLE_OBJC_ARC = YES;
				CLANG_ENABLE_OBJC_WEAK = YES;
				CLANG_WARN_BLOCK_CAPTURE_AUTORELEASING = YES;
				CLANG_WARN_BOOL_CONVERSION = YES;
				CLANG_WARN_COMMA = YES;
				CLANG_WARN_CONSTANT_CONVERSION = YES;
				CLANG_WARN_DEPRECATED_OBJC_IMPLEMENTATIONS = YES;
				CLANG_WARN_DIRECT_OBJC_ISA_USAGE = YES_ERROR;
				CLANG_WARN_DOCUMENTATION_COMMENTS = YES;
				CLANG_WARN_EMPTY_BODY = YES;
				CLANG_WARN_ENUM_CONVERSION = YES;
				CLANG_WARN_INFINITE_RECURSION = YES;
				CLANG_WARN_INT_CONVERSION = YES;
				CLANG_WARN_NON_LITERAL_NULL_CONVERSION = YES;
				CLANG_WARN_OBJC_IMPLICIT_RETAIN_SELF = YES;
				CLANG_WARN_OBJC_LITERAL_CONVERSION = YES;
				CLANG_WARN_OBJC_ROOT_CLASS = YES_ERROR;
				CLANG_WARN_QUOTED_INCLUDE_IN_FRAMEWORK_HEADER = YES;
				CLANG_WARN_RANGE_LOOP_ANALYSIS = YES;
				CLANG_WARN_STRICT_PROTOTYPES = YES;
				CLANG_WARN_SUSPICIOUS_MOVE = YES;
				CLANG_WARN_UNGUARDED_AVAILABILITY = YES_AGGRESSIVE;
				CLANG_WARN_UNREACHABLE_CODE = YES;
				CLANG_WARN__DUPLICATE_METHOD_MATCH = YES;
				COPY_PHASE_STRIP = NO;
				DEBUG_INFORMATION_FORMAT = "dwarf-with-dsym";
				ENABLE_NS_ASSERTIONS = NO;
				ENABLE_STRICT_OBJC_MSGSEND = YES;
				GCC_C_LANGUAGE_STANDARD = gnu11;
				GCC_NO_COMMON_BLOCKS = YES;
				GCC_WARN_64_TO_32_BIT_CONVERSION = YES;
				GCC_WARN_ABOUT_RETURN_TYPE = YES_ERROR;
				GCC_WARN_UNDECLARED_SELECTOR = YES;
				GCC_WARN_UNINITIALIZED_AUTOS = YES_AGGRESSIVE;
				GCC_WARN_UNUSED_FUNCTION = YES;
				GCC_WARN_UNUSED_VARIABLE = YES;
				IPHONEOS_DEPLOYMENT_TARGET = 16.4;
				MTL_ENABLE_DEBUG_INFO = NO;
				MTL_FAST_MATH = YES;
				SDKROOT = iphoneos;
				SWIFT_COMPILATION_MODE = wholemodule;
				SWIFT_OPTIMIZATION_LEVEL = "-O";
				VALIDATE_PRODUCT = YES;
			};
			name = Release;
		};
		46C2805B2A82185100CE1DF5 /* Debug */ = {
			isa = XCBuildConfiguration;
			buildSettings = {
				ASSETCATALOG_COMPILER_APPICON_NAME = AppIcon;
				ASSETCATALOG_COMPILER_GLOBAL_ACCENT_COLOR_NAME = AccentColor;
				CODE_SIGN_ENTITLEMENTS = fogofwarchess/fogofwarchess.entitlements;
				CODE_SIGN_STYLE = Automatic;
				CURRENT_PROJECT_VERSION = 1;
				DEVELOPMENT_ASSET_PATHS = "\"fogofwarchess/Preview Content\"";
				DEVELOPMENT_TEAM = 3N93KR434F;
				ENABLE_PREVIEWS = YES;
				GENERATE_INFOPLIST_FILE = YES;
				INFOPLIST_KEY_UIApplicationSceneManifest_Generation = YES;
				INFOPLIST_KEY_UIApplicationSupportsIndirectInputEvents = YES;
				INFOPLIST_KEY_UILaunchScreen_Generation = YES;
				INFOPLIST_KEY_UISupportedInterfaceOrientations_iPad = "UIInterfaceOrientationPortrait UIInterfaceOrientationPortraitUpsideDown UIInterfaceOrientationLandscapeLeft UIInterfaceOrientationLandscapeRight";
				INFOPLIST_KEY_UISupportedInterfaceOrientations_iPhone = "UIInterfaceOrientationPortrait UIInterfaceOrientationLandscapeLeft UIInterfaceOrientationLandscapeRight";
				LD_RUNPATH_SEARCH_PATHS = (
					"$(inherited)",
					"@executable_path/Frameworks",
				);
				MARKETING_VERSION = 1.0;
				PRODUCT_BUNDLE_IDENTIFIER = com.kyhsgeekcode.fogofwarchess;
				PRODUCT_NAME = "$(TARGET_NAME)";
				SWIFT_EMIT_LOC_STRINGS = YES;
				SWIFT_VERSION = 5.0;
				TARGETED_DEVICE_FAMILY = "1,2";
			};
			name = Debug;
		};
		46C2805C2A82185100CE1DF5 /* Release */ = {
			isa = XCBuildConfiguration;
			buildSettings = {
				ASSETCATALOG_COMPILER_APPICON_NAME = AppIcon;
				ASSETCATALOG_COMPILER_GLOBAL_ACCENT_COLOR_NAME = AccentColor;
				CODE_SIGN_ENTITLEMENTS = fogofwarchess/fogofwarchess.entitlements;
				CODE_SIGN_STYLE = Automatic;
				CURRENT_PROJECT_VERSION = 1;
				DEVELOPMENT_ASSET_PATHS = "\"fogofwarchess/Preview Content\"";
				DEVELOPMENT_TEAM = 3N93KR434F;
				ENABLE_PREVIEWS = YES;
				GENERATE_INFOPLIST_FILE = YES;
				INFOPLIST_KEY_UIApplicationSceneManifest_Generation = YES;
				INFOPLIST_KEY_UIApplicationSupportsIndirectInputEvents = YES;
				INFOPLIST_KEY_UILaunchScreen_Generation = YES;
				INFOPLIST_KEY_UISupportedInterfaceOrientations_iPad = "UIInterfaceOrientationPortrait UIInterfaceOrientationPortraitUpsideDown UIInterfaceOrientationLandscapeLeft UIInterfaceOrientationLandscapeRight";
				INFOPLIST_KEY_UISupportedInterfaceOrientations_iPhone = "UIInterfaceOrientationPortrait UIInterfaceOrientationLandscapeLeft UIInterfaceOrientationLandscapeRight";
				LD_RUNPATH_SEARCH_PATHS = (
					"$(inherited)",
					"@executable_path/Frameworks",
				);
				MARKETING_VERSION = 1.0;
				PRODUCT_BUNDLE_IDENTIFIER = com.kyhsgeekcode.fogofwarchess;
				PRODUCT_NAME = "$(TARGET_NAME)";
				SWIFT_EMIT_LOC_STRINGS = YES;
				SWIFT_VERSION = 5.0;
				TARGETED_DEVICE_FAMILY = "1,2";
			};
			name = Release;
		};
/* End XCBuildConfiguration section */

/* Begin XCConfigurationList section */
		46C280472A82185000CE1DF5 /* Build configuration list for PBXProject "fogofwarchess" */ = {
			isa = XCConfigurationList;
			buildConfigurations = (
				46C280582A82185100CE1DF5 /* Debug */,
				46C280592A82185100CE1DF5 /* Release */,
			);
			defaultConfigurationIsVisible = 0;
			defaultConfigurationName = Release;
		};
		46C2805A2A82185100CE1DF5 /* Build configuration list for PBXNativeTarget "fogofwarchess" */ = {
			isa = XCConfigurationList;
			buildConfigurations = (
				46C2805B2A82185100CE1DF5 /* Debug */,
				46C2805C2A82185100CE1DF5 /* Release */,
			);
			defaultConfigurationIsVisible = 0;
			defaultConfigurationName = Release;
		};
/* End XCConfigurationList section */

/* Begin XCRemoteSwiftPackageReference section */
		4631E2F02A84C421008A32C2 /* XCRemoteSwiftPackageReference "firebase-ios-sdk" */ = {
			isa = XCRemoteSwiftPackageReference;
			repositoryURL = "https://github.com/firebase/firebase-ios-sdk";
			requirement = {
				kind = upToNextMajorVersion;
				minimumVersion = 10.0.0;
			};
		};
		46F5296F2A8D164E0035A2C8 /* XCRemoteSwiftPackageReference "Moya" */ = {
			isa = XCRemoteSwiftPackageReference;
			repositoryURL = "https://github.com/Moya/Moya";
			requirement = {
				kind = upToNextMajorVersion;
				minimumVersion = 15.0.0;
			};
		};
/* End XCRemoteSwiftPackageReference section */

/* Begin XCSwiftPackageProductDependency section */
		4631E2F12A84C422008A32C2 /* FirebaseAnalyticsSwift */ = {
			isa = XCSwiftPackageProductDependency;
			package = 4631E2F02A84C421008A32C2 /* XCRemoteSwiftPackageReference "firebase-ios-sdk" */;
			productName = FirebaseAnalyticsSwift;
		};
		4631E2F32A84C422008A32C2 /* FirebaseAnalyticsWithoutAdIdSupport */ = {
			isa = XCSwiftPackageProductDependency;
			package = 4631E2F02A84C421008A32C2 /* XCRemoteSwiftPackageReference "firebase-ios-sdk" */;
			productName = FirebaseAnalyticsWithoutAdIdSupport;
		};
		4631E2F52A84C422008A32C2 /* FirebaseAuth */ = {
			isa = XCSwiftPackageProductDependency;
			package = 4631E2F02A84C421008A32C2 /* XCRemoteSwiftPackageReference "firebase-ios-sdk" */;
			productName = FirebaseAuth;
		};
		4631E2F72A84C422008A32C2 /* FirebaseCrashlytics */ = {
			isa = XCSwiftPackageProductDependency;
			package = 4631E2F02A84C421008A32C2 /* XCRemoteSwiftPackageReference "firebase-ios-sdk" */;
			productName = FirebaseCrashlytics;
		};
		4631E2F92A84C422008A32C2 /* FirebaseDatabase */ = {
			isa = XCSwiftPackageProductDependency;
			package = 4631E2F02A84C421008A32C2 /* XCRemoteSwiftPackageReference "firebase-ios-sdk" */;
			productName = FirebaseDatabase;
		};
		4631E2FB2A84C422008A32C2 /* FirebaseDatabaseSwift */ = {
			isa = XCSwiftPackageProductDependency;
			package = 4631E2F02A84C421008A32C2 /* XCRemoteSwiftPackageReference "firebase-ios-sdk" */;
			productName = FirebaseDatabaseSwift;
		};
		4631E2FD2A84C422008A32C2 /* FirebaseMessaging */ = {
			isa = XCSwiftPackageProductDependency;
			package = 4631E2F02A84C421008A32C2 /* XCRemoteSwiftPackageReference "firebase-ios-sdk" */;
			productName = FirebaseMessaging;
		};
		4631E2FF2A84C422008A32C2 /* FirebaseRemoteConfig */ = {
			isa = XCSwiftPackageProductDependency;
			package = 4631E2F02A84C421008A32C2 /* XCRemoteSwiftPackageReference "firebase-ios-sdk" */;
			productName = FirebaseRemoteConfig;
		};
		4631E3012A84C422008A32C2 /* FirebaseRemoteConfigSwift */ = {
			isa = XCSwiftPackageProductDependency;
			package = 4631E2F02A84C421008A32C2 /* XCRemoteSwiftPackageReference "firebase-ios-sdk" */;
			productName = FirebaseRemoteConfigSwift;
		};
		46F529702A8D164E0035A2C8 /* Moya */ = {
			isa = XCSwiftPackageProductDependency;
			package = 46F5296F2A8D164E0035A2C8 /* XCRemoteSwiftPackageReference "Moya" */;
			productName = Moya;
		};
/* End XCSwiftPackageProductDependency section */
	};
	rootObject = 46C280442A82185000CE1DF5 /* Project object */;
}
